
Microsoft Visual Studio Solution File, Format Version 12.00
# Visual Studio Version 17
VisualStudioVersion = 17.6.33815.320
MinimumVisualStudioVersion = 10.0.40219.1
Project("{FAE04EC0-301F-11D3-BF4B-00C04F79EFBC}") = "XuanLuxShopWeb", "XuanLuxShopWeb\XuanLuxShopWeb.csproj", "{DBE53B8A-6B31-4DDF-92FA-E688847F8561}"
EndProject
Global
	GlobalSection(SolutionConfigurationPlatforms) = preSolution
		Debug|Any CPU = Debug|Any CPU
		Release|Any CPU = Release|Any CPU
	EndGlobalSection
	GlobalSection(ProjectConfigurationPlatforms) = postSolution
		{DBE53B8A-6B31-4DDF-92FA-E688847F8561}.Debug|Any CPU.ActiveCfg = Debug|Any CPU
		{DBE53B8A-6B31-4DDF-92FA-E688847F8561}.Debug|Any CPU.Build.0 = Debug|Any CPU
		{DBE53B8A-6B31-4DDF-92FA-E688847F8561}.Release|Any CPU.ActiveCfg = Release|Any CPU
		{DBE53B8A-6B31-4DDF-92FA-E688847F8561}.Release|Any CPU.Build.0 = Release|Any CPU
	EndGlobalSection
	GlobalSection(SolutionProperties) = preSolution
		HideSolutionNode = FALSE
	EndGlobalSection
	GlobalSection(ExtensibilityGlobals) = postSolution
		SolutionGuid = {BF08F8B8-1A60-47C3-856D-6AC800A04ED2}
	EndGlobalSection
EndGlobal
